// !$*UTF8*$!
{
	archiveVersion = 1;
	classes = {
	};
	objectVersion = 77;
	objects = {

/* Begin PBXBuildFile section */
		B140207CA09C53368492554F /* Pods_nexus_shell.framework in Frameworks */ = {isa = PBXBuildFile; fileRef = 13CF41A44CF8C430BE3E64D6 /* Pods_nexus_shell.framework */; };
/* End PBXBuildFile section */

/* Begin PBXContainerItemProxy section */
		AE65EC712F98713000D13575 /* PBXContainerItemProxy */ = {
			isa = PBXContainerItemProxy;
			containerPortal = AE65EC5B2F98712A00D13575 /* Project object */;
			proxyType = 1;
			remoteGlobalIDString = AE65EC622F98712A00D13575;
			remoteInfo = nexus_shell;
		};
		AE65EC7B2F98713000D13575 /* PBXContainerItemProxy */ = {
			isa = PBXContainerItemProxy;
			containerPortal = AE65EC5B2F98712A00D13575 /* Project object */;
			proxyType = 1;
			remoteGlobalIDString = AE65EC622F98712A00D13575;
			remoteInfo = nexus_shell;
		};
/* End PBXContainerItemProxy section */

/* Begin PBXFileReference section */
		13CF41A44CF8C430BE3E64D6 /* Pods_nexus_shell.framework */ = {isa = PBXFileReference; explicitFileType = wrapper.framework; includeInIndex = 0; path = Pods_nexus_shell.framework; sourceTree = BUILT_PRODUCTS_DIR; };
		418C1AB2D1F10193491F59DC /* Pods-nexus_shell.debug.xcconfig */ = {isa = PBXFileReference; includeInIndex = 1; lastKnownFileType = text.xcconfig; name = "Pods-nexus_shell.debug.xcconfig"; path = "Target Support Files/Pods-nexus_shell/Pods-nexus_shell.debug.xcconfig"; sourceTree = "<group>"; };
		941FF47AFB19A94BFDCA7B55 /* Pods-nexus_shell.release.xcconfig */ = {isa = PBXFileReference; includeInIndex = 1; lastKnownFileType = text.xcconfig; name = "Pods-nexus_shell.release.xcconfig"; path = "Target Support Files/Pods-nexus_shell/Pods-nexus_shell.release.xcconfig"; sourceTree = "<group>"; };
		AE65EC632F98712A00D13575 /* nexus_shell.app */ = {isa = PBXFileReference; explicitFileType = wrapper.application; includeInIndex = 0; path = nexus_shell.app; sourceTree = BUILT_PRODUCTS_DIR; };
		AE65EC702F98713000D13575 /* nexus_shellTests.xctest */ = {isa = PBXFileReference; explicitFileType = wrapper.cfbundle; includeInIndex = 0; path = nexus_shellTests.xctest; sourceTree = BUILT_PRODUCTS_DIR; };
		AE65EC7A2F98713000D13575 /* nexus_shellUITests.xctest */ = {isa = PBXFileReference; explicitFileType = wrapper.cfbundle; includeInIndex = 0; path = nexus_shellUITests.xctest; sourceTree = BUILT_PRODUCTS_DIR; };
/* End PBXFileReference section */

/* Begin PBXFileSystemSynchronizedRootGroup section */
		AE65EC652F98712A00D13575 /* nexus_shell */ = {
			isa = PBXFileSystemSynchronizedRootGroup;
			exceptions = (
			);
			path = nexus_shell;
			sourceTree = "<group>";
		};
		AE65EC732F98713000D13575 /* nexus_shellTests */ = {
			isa = PBXFileSystemSynchronizedRootGroup;
			exceptions = (
			);
			path = nexus_shellTests;
			sourceTree = "<group>";
		};
		AE65EC7D2F98713000D13575 /* nexus_shellUITests */ = {
			isa = PBXFileSystemSynchronizedRootGroup;
			exceptions = (
			);
			path = nexus_shellUITests;
			sourceTree = "<group>";
		};
/* End PBXFileSystemSynchronizedRootGroup section */

/* Begin PBXFrameworksBuildPhase section */
		AE65EC602F98712A00D13575 /* Frameworks */ = {
			isa = PBXFrameworksBuildPhase;
			buildActionMask = 2147483647;
			files = (
				B140207CA09C53368492554F /* Pods_nexus_shell.framework in Frameworks */,
			);
			runOnlyForDeploymentPostprocessing = 0;
		};
		AE65EC6D2F98713000D13575 /* Frameworks */ = {
			isa = PBXFrameworksBuildPhase;
			buildActionMask = 2147483647;
			files = (
			);
			runOnlyForDeploymentPostprocessing = 0;
		};
		AE65EC772F98713000D13575 /* Frameworks */ = {
			isa = PBXFrameworksBuildPhase;
			buildActionMask = 2147483647;
			files = (
			);
			runOnlyForDeploymentPostprocessing = 0;
		};
/* End PBXFrameworksBuildPhase section */

/* Begin PBXGroup section */
		5FD337308C2385589E8ADCDA /* Pods */ = {
			isa = PBXGroup;
			children = (
				418C1AB2D1F10193491F59DC /* Pods-nexus_shell.debug.xcconfig */,
				941FF47AFB19A94BFDCA7B55 /* Pods-nexus_shell.release.xcconfig */,
			);
			name = Pods;
			path = Pods;
			sourceTree = "<group>";
		};
		913C6B8EF910E843ABEFD73B /* Frameworks */ = {
			isa = PBXGroup;
			children = (
				13CF41A44CF8C430BE3E64D6 /* Pods_nexus_shell.framework */,
			);
			name = Frameworks;
			sourceTree = "<group>";
		};
		AE65EC5A2F98712A00D13575 = {
			isa = PBXGroup;
			children = (
				AE65EC652F98712A00D13575 /* nexus_shell */,
				AE65EC732F98713000D13575 /* nexus_shellTests */,
				AE65EC7D2F98713000D13575 /* nexus_shellUITests */,
				AE65EC642F98712A00D13575 /* Products */,
				5FD337308C2385589E8ADCDA /* Pods */,
				913C6B8EF910E843ABEFD73B /* Frameworks */,
			);
			sourceTree = "<group>";
		};
		AE65EC642F98712A00D13575 /* Products */ = {
			isa = PBXGroup;
			children = (
				AE65EC632F98712A00D13575 /* nexus_shell.app */,
				AE65EC702F98713000D13575 /* nexus_shellTests.xctest */,
				AE65EC7A2F98713000D13575 /* nexus_shellUITests.xctest */,
			);
			name = Products;
			sourceTree = "<group>";
		};
/* End PBXGroup section */

/* Begin PBXNativeTarget section */
		AE65EC622F98712A00D13575 /* nexus_shell */ = {
			isa = PBXNativeTarget;
			buildConfigurationList = AE65EC842F98713000D13575 /* Build configuration list for PBXNativeTarget "nexus_shell" */;
			buildPhases = (
				D73AFE292C51243CC393DF75 /* [CP] Check Pods Manifest.lock */,
				AE65EC5F2F98712A00D13575 /* Sources */,
				AE65EC602F98712A00D13575 /* Frameworks */,
				AE65EC612F98712A00D13575 /* Resources */,
				5E2A4ED133C737F83CFDC270 /* [CP] Embed Pods Frameworks */,
			);
			buildRules = (
			);
			dependencies = (
			);
			fileSystemSynchronizedGroups = (
				AE65EC652F98712A00D13575 /* nexus_shell */,
			);
			name = nexus_shell;
			productName = nexus_shell;
			productReference = AE65EC632F98712A00D13575 /* nexus_shell.app */;
			productType = "com.apple.product-type.application";
		};
		AE65EC6F2F98713000D13575 /* nexus_shellTests */ = {
			isa = PBXNativeTarget;
			buildConfigurationList = AE65EC872F98713000D13575 /* Build configuration list for PBXNativeTarget "nexus_shellTests" */;
			buildPhases = (
				AE65EC6C2F98713000D13575 /* Sources */,
				AE65EC6D2F98713000D13575 /* Frameworks */,
				AE65EC6E2F98713000D13575 /* Resources */,
			);
			buildRules = (
			);
			dependencies = (
				AE65EC722F98713000D13575 /* PBXTargetDependency */,
			);
			fileSystemSynchronizedGroups = (
				AE65EC732F98713000D13575 /* nexus_shellTests */,
			);
			name = nexus_shellTests;
			productName = nexus_shellTests;
			productReference = AE65EC702F98713000D13575 /* nexus_shellTests.xctest */;
			productType = "com.apple.product-type.bundle.unit-test";
		};
		AE65EC792F98713000D13575 /* nexus_shellUITests */ = {
			isa = PBXNativeTarget;
			buildConfigurationList = AE65EC8A2F98713000D13575 /* Build configuration list for PBXNativeTarget "nexus_shellUITests" */;
			buildPhases = (
				AE65EC762F98713000D13575 /* Sources */,
				AE65EC772F98713000D13575 /* Frameworks */,
				AE65EC782F98713000D13575 /* Resources */,
			);
			buildRules = (
			);
			dependencies = (
				AE65EC7C2F98713000D13575 /* PBXTargetDependency */,
			);
			fileSystemSynchronizedGroups = (
				AE65EC7D2F98713000D13575 /* nexus_shellUITests */,
			);
			name = nexus_shellUITests;
			productName = nexus_shellUITests;
			productReference = AE65EC7A2F98713000D13575 /* nexus_shellUITests.xctest */;
			productType = "com.apple.product-type.bundle.ui-testing";
		};
/* End PBXNativeTarget section */

/* Begin PBXProject section */
		AE65EC5B2F98712A00D13575 /* Project object */ = {
			isa = PBXProject;
			attributes = {
				BuildIndependentTargetsInParallel = 1;
				LastSwiftUpdateCheck = 2640;
				LastUpgradeCheck = 2640;
				TargetAttributes = {
					AE65EC622F98712A00D13575 = {
						CreatedOnToolsVersion = 26.4.1;
					};
					AE65EC6F2F98713000D13575 = {
						CreatedOnToolsVersion = 26.4.1;
						TestTargetID = AE65EC622F98712A00D13575;
					};
					AE65EC792F98713000D13575 = {
						CreatedOnToolsVersion = 26.4.1;
						TestTargetID = AE65EC622F98712A00D13575;
					};
				};
			};
			buildConfigurationList = AE65EC5E2F98712A00D13575 /* Build configuration list for PBXProject "nexus_shell" */;
			developmentRegion = en;
			hasScannedForEncodings = 0;
			knownRegions = (
				en,
				Base,
				"zh-Hans",
			);
			mainGroup = AE65EC5A2F98712A00D13575;
			minimizedProjectReferenceProxies = 1;
			preferredProjectObjectVersion = 77;
			productRefGroup = AE65EC642F98712A00D13575 /* Products */;
			projectDirPath = "";
			projectRoot = "";
			targets = (
				AE65EC622F98712A00D13575 /* nexus_shell */,
				AE65EC6F2F98713000D13575 /* nexus_shellTests */,
				AE65EC792F98713000D13575 /* nexus_shellUITests */,
			);
		};
/* End PBXProject section */

/* Begin PBXResourcesBuildPhase section */
		AE65EC612F98712A00D13575 /* Resources */ = {
			isa = PBXResourcesBuildPhase;
			buildActionMask = 2147483647;
			files = (
			);
			runOnlyForDeploymentPostprocessing = 0;
		};
		AE65EC6E2F98713000D13575 /* Resources */ = {
			isa = PBXResourcesBuildPhase;
			buildActionMask = 2147483647;
			files = (
			);
			runOnlyForDeploymentPostprocessing = 0;
		};
		AE65EC782F98713000D13575 /* Resources */ = {
			isa = PBXResourcesBuildPhase;
			buildActionMask = 2147483647;
			files = (
			);
			runOnlyForDeploymentPostprocessing = 0;
		};
/* End PBXResourcesBuildPhase section */

/* Begin PBXShellScriptBuildPhase section */
		5E2A4ED133C737F83CFDC270 /* [CP] Embed Pods Frameworks */ = {
			isa = PBXShellScriptBuildPhase;
			buildActionMask = 2147483647;
			files = (
			);
			inputFileListPaths = (
				"${PODS_ROOT}/Target Support Files/Pods-nexus_shell/Pods-nexus_shell-frameworks-${CONFIGURATION}-input-files.xcfilelist",
			);
			name = "[CP] Embed Pods Frameworks";
			outputFileListPaths = (
				"${PODS_ROOT}/Target Support Files/Pods-nexus_shell/Pods-nexus_shell-frameworks-${CONFIGURATION}-output-files.xcfilelist",
			);
			runOnlyForDeploymentPostprocessing = 0;
			shellPath = /bin/sh;
			shellScript = "\"${PODS_ROOT}/Target Support Files/Pods-nexus_shell/Pods-nexus_shell-frameworks.sh\"\n";
			showEnvVarsInLog = 0;
		};
		D73AFE292C51243CC393DF75 /* [CP] Check Pods Manifest.lock */ = {
			isa = PBXShellScriptBuildPhase;
			buildActionMask = 2147483647;
			files = (
			);
			inputFileListPaths = (
			);
			inputPaths = (
				"${PODS_PODFILE_DIR_PATH}/Podfile.lock",
				"${PODS_ROOT}/Manifest.lock",
			);
			name = "[CP] Check Pods Manifest.lock";
			outputFileListPaths = (
			);
			outputPaths = (
				"$(DERIVED_FILE_DIR)/Pods-nexus_shell-checkManifestLockResult.txt",
			);
			runOnlyForDeploymentPostprocessing = 0;
			shellPath = /bin/sh;
			shellScript = "diff \"${PODS_PODFILE_DIR_PATH}/Podfile.lock\" \"${PODS_ROOT}/Manifest.lock\" > /dev/null\nif [ $? != 0 ] ; then\n    # print error to STDERR\n    echo \"error: The sandbox is not in sync with the Podfile.lock. Run 'pod install' or update your CocoaPods installation.\" >&2\n    exit 1\nfi\n# This output is used by Xcode 'outputs' to avoid re-running this script phase.\necho \"SUCCESS\" > \"${SCRIPT_OUTPUT_FILE_0}\"\n";
			showEnvVarsInLog = 0;
		};
/* End PBXShellScriptBuildPhase section */

/* Begin PBXSourcesBuildPhase section */
		AE65EC5F2F98712A00D13575 /* Sources */ = {
			isa = PBXSourcesBuildPhase;
			buildActionMask = 2147483647;
			files = (
			);
			runOnlyForDeploymentPostprocessing = 0;
		};
		AE65EC6C2F98713000D13575 /* Sources */ = {
			isa = PBXSourcesBuildPhase;
			buildActionMask = 2147483647;
			files = (
			);
			runOnlyForDeploymentPostprocessing = 0;
		};
		AE65EC762F98713000D13575 /* Sources */ = {
			isa = PBXSourcesBuildPhase;
			buildActionMask = 2147483647;
			files = (
			);
			runOnlyForDeploymentPostprocessing = 0;
		};
/* End PBXSourcesBuildPhase section */

/* Begin PBXTargetDependency section */
		AE65EC722F98713000D13575 /* PBXTargetDependency */ = {
			isa = PBXTargetDependency;
			target = AE65EC622F98712A00D13575 /* nexus_shell */;
			targetProxy = AE65EC712F98713000D13575 /* PBXContainerItemProxy */;
		};
		AE65EC7C2F98713000D13575 /* PBXTargetDependency */ = {
			isa = PBXTargetDependency;
			target = AE65EC622F98712A00D13575 /* nexus_shell */;
			targetProxy = AE65EC7B2F98713000D13575 /* PBXContainerItemProxy */;
		};
/* End PBXTargetDependency section */

/* Begin XCBuildConfiguration section */
		AE65EC822F98713000D13575 /* Debug */ = {
			isa = XCBuildConfiguration;
			buildSettings = {
				ALWAYS_SEARCH_USER_PATHS = NO;
				ASSETCATALOG_COMPILER_GENERATE_SWIFT_ASSET_SYMBOL_EXTENSIONS = YES;
				CLANG_ANALYZER_NONNULL = YES;
				CLANG_ANALYZER_NUMBER_OBJECT_CONVERSION = YES_AGGRESSIVE;
				CLANG_CXX_LANGUAGE_STANDARD = "gnu++20";
				CLANG_ENABLE_MODULES = YES;
				CLANG_ENABLE_OBJC_ARC = YES;
				CLANG_ENABLE_OBJC_WEAK = YES;
				CLANG_WARN_BLOCK_CAPTURE_AUTORELEASING = YES;
				CLANG_WARN_BOOL_CONVERSION = YES;
				CLANG_WARN_COMMA = YES;
				CLANG_WARN_CONSTANT_CONVERSION = YES;
				CLANG_WARN_DEPRECATED_OBJC_IMPLEMENTATIONS = YES;
				CLANG_WARN_DIRECT_OBJC_ISA_USAGE = YES_ERROR;
				CLANG_WARN_DOCUMENTATION_COMMENTS = YES;
				CLANG_WARN_EMPTY_BODY = YES;
				CLANG_WARN_ENUM_CONVERSION = YES;
				CLANG_WARN_INFINITE_RECURSION = YES;
				CLANG_WARN_INT_CONVERSION = YES;
				CLANG_WARN_NON_LITERAL_NULL_CONVERSION = YES;
				CLANG_WARN_OBJC_IMPLICIT_RETAIN_SELF = YES;
				CLANG_WARN_OBJC_LITERAL_CONVERSION = YES;
				CLANG_WARN_OBJC_ROOT_CLASS = YES_ERROR;
				CLANG_WARN_QUOTED_INCLUDE_IN_FRAMEWORK_HEADER = YES;
				CLANG_WARN_RANGE_LOOP_ANALYSIS = YES;
				CLANG_WARN_STRICT_PROTOTYPES = YES;
				CLANG_WARN_SUSPICIOUS_MOVE = YES;
				CLANG_WARN_UNGUARDED_AVAILABILITY = YES_AGGRESSIVE;
				CLANG_WARN_UNREACHABLE_CODE = YES;
				CLANG_WARN__DUPLICATE_METHOD_MATCH = YES;
				COPY_PHASE_STRIP = NO;
				DEBUG_INFORMATION_FORMAT = dwarf;
				DEVELOPMENT_TEAM = 57NYYMFJB6;
				ENABLE_STRICT_OBJC_MSGSEND = YES;
				ENABLE_TESTABILITY = YES;
				ENABLE_USER_SCRIPT_SANDBOXING = YES;
				GCC_C_LANGUAGE_STANDARD = gnu17;
				GCC_DYNAMIC_NO_PIC = NO;
				GCC_NO_COMMON_BLOCKS = YES;
				GCC_OPTIMIZATION_LEVEL = 0;
				GCC_PREPROCESSOR_DEFINITIONS = (
					"DEBUG=1",
					"$(inherited)",
				);
				GCC_WARN_64_TO_32_BIT_CONVERSION = YES;
				GCC_WARN_ABOUT_RETURN_TYPE = YES_ERROR;
				GCC_WARN_UNDECLARED_SELECTOR = YES;
				GCC_WARN_UNINITIALIZED_AUTOS = YES_AGGRESSIVE;
				GCC_WARN_UNUSED_FUNCTION = YES;
				GCC_WARN_UNUSED_VARIABLE = YES;
				IPHONEOS_DEPLOYMENT_TARGET = 26.4;
				LOCALIZATION_PREFERS_STRING_CATALOGS = YES;
				MTL_ENABLE_DEBUG_INFO = INCLUDE_SOURCE;
				MTL_FAST_MATH = YES;
				ONLY_ACTIVE_ARCH = YES;
				SDKROOT = iphoneos;
				SWIFT_ACTIVE_COMPILATION_CONDITIONS = "DEBUG $(inherited)";
				SWIFT_OPTIMIZATION_LEVEL = "-Onone";
			};
			name = Debug;
		};
		AE65EC832F98713000D13575 /* Release */ = {
			isa = XCBuildConfiguration;
			buildSettings = {
				ALWAYS_SEARCH_USER_PATHS = NO;
				ASSETCATALOG_COMPILER_GENERATE_SWIFT_ASSET_SYMBOL_EXTENSIONS = YES;
				CLANG_ANALYZER_NONNULL = YES;
				CLANG_ANALYZER_NUMBER_OBJECT_CONVERSION = YES_AGGRESSIVE;
				CLANG_CXX_LANGUAGE_STANDARD = "gnu++20";
				CLANG_ENABLE_MODULES = YES;
				CLANG_ENABLE_OBJC_ARC = YES;
				CLANG_ENABLE_OBJC_WEAK = YES;
				CLANG_WARN_BLOCK_CAPTURE_AUTORELEASING = YES;
				CLANG_WARN_BOOL_CONVERSION = YES;
				CLANG_WARN_COMMA = YES;
				CLANG_WARN_CONSTANT_CONVERSION = YES;
				CLANG_WARN_DEPRECATED_OBJC_IMPLEMENTATIONS = YES;
				CLANG_WARN_DIRECT_OBJC_ISA_USAGE = YES_ERROR;
				CLANG_WARN_DOCUMENTATION_COMMENTS = YES;
				CLANG_WARN_EMPTY_BODY = YES;
				CLANG_WARN_ENUM_CONVERSION = YES;
				CLANG_WARN_INFINITE_RECURSION = YES;
				CLANG_WARN_INT_CONVERSION = YES;
				CLANG_WARN_NON_LITERAL_NULL_CONVERSION = YES;
				CLANG_WARN_OBJC_IMPLICIT_RETAIN_SELF = YES;
				CLANG_WARN_OBJC_LITERAL_CONVERSION = YES;
				CLANG_WARN_OBJC_ROOT_CLASS = YES_ERROR;
				CLANG_WARN_QUOTED_INCLUDE_IN_FRAMEWORK_HEADER = YES;
				CLANG_WARN_RANGE_LOOP_ANALYSIS = YES;
				CLANG_WARN_STRICT_PROTOTYPES = YES;
				CLANG_WARN_SUSPICIOUS_MOVE = YES;
				CLANG_WARN_UNGUARDED_AVAILABILITY = YES_AGGRESSIVE;
				CLANG_WARN_UNREACHABLE_CODE = YES;
				CLANG_WARN__DUPLICATE_METHOD_MATCH = YES;
				COPY_PHASE_STRIP = NO;
				DEBUG_INFORMATION_FORMAT = "dwarf-with-dsym";
				DEVELOPMENT_TEAM = 57NYYMFJB6;
				ENABLE_NS_ASSERTIONS = NO;
				ENABLE_STRICT_OBJC_MSGSEND = YES;
				ENABLE_USER_SCRIPT_SANDBOXING = YES;
				GCC_C_LANGUAGE_STANDARD = gnu17;
				GCC_NO_COMMON_BLOCKS = YES;
				GCC_WARN_64_TO_32_BIT_CONVERSION = YES;
				GCC_WARN_ABOUT_RETURN_TYPE = YES_ERROR;
				GCC_WARN_UNDECLARED_SELECTOR = YES;
				GCC_WARN_UNINITIALIZED_AUTOS = YES_AGGRESSIVE;
				GCC_WARN_UNUSED_FUNCTION = YES;
				GCC_WARN_UNUSED_VARIABLE = YES;
				IPHONEOS_DEPLOYMENT_TARGET = 26.4;
				LOCALIZATION_PREFERS_STRING_CATALOGS = YES;
				MTL_ENABLE_DEBUG_INFO = NO;
				MTL_FAST_MATH = YES;
				SDKROOT = iphoneos;
				SWIFT_COMPILATION_MODE = wholemodule;
				VALIDATE_PRODUCT = YES;
			};
			name = Release;
		};
		AE65EC852F98713000D13575 /* Debug */ = {
			isa = XCBuildConfiguration;
			baseConfigurationReference = 418C1AB2D1F10193491F59DC /* Pods-nexus_shell.debug.xcconfig */;
			buildSettings = {
				ASSETCATALOG_COMPILER_APPICON_NAME = AppIcon;
				ASSETCATALOG_COMPILER_GLOBAL_ACCENT_COLOR_NAME = AccentColor;
				CODE_SIGN_STYLE = Automatic;
				CURRENT_PROJECT_VERSION = 1;
				DEVELOPMENT_TEAM = 57NYYMFJB6;
				ENABLE_PREVIEWS = YES;
				GENERATE_INFOPLIST_FILE = YES;
				INFOPLIST_KEY_UIApplicationSceneManifest_Generation = YES;
				INFOPLIST_KEY_UIApplicationSupportsIndirectInputEvents = YES;
				INFOPLIST_KEY_UILaunchScreen_Generation = YES;
				INFOPLIST_KEY_UISupportedInterfaceOrientations_iPad = "UIInterfaceOrientationPortrait UIInterfaceOrientationPortraitUpsideDown UIInterfaceOrientationLandscapeLeft UIInterfaceOrientationLandscapeRight";
				INFOPLIST_KEY_UISupportedInterfaceOrientations_iPhone = "UIInterfaceOrientationPortrait UIInterfaceOrientationLandscapeLeft UIInterfaceOrientationLandscapeRight";
				LD_RUNPATH_SEARCH_PATHS = (
					"$(inherited)",
					"@executable_path/Frameworks",
				);
				MARKETING_VERSION = 1.0;
				PRODUCT_BUNDLE_IDENTIFIER = "com.iyang.nexus-shell";
				PRODUCT_NAME = "$(TARGET_NAME)";
				STRING_CATALOG_GENERATE_SYMBOLS = YES;
				SWIFT_APPROACHABLE_CONCURRENCY = YES;
				SWIFT_DEFAULT_ACTOR_ISOLATION = MainActor;
				SWIFT_EMIT_LOC_STRINGS = YES;
				SWIFT_UPCOMING_FEATURE_MEMBER_IMPORT_VISIBILITY = YES;
				SWIFT_VERSION = 5.0;
				TARGETED_DEVICE_FAMILY = "1,2";
			};
			name = Debug;
		};
		AE65EC862F98713000D13575 /* Release */ = {
			isa = XCBuildConfiguration;
			baseConfigurationReference = 941FF47AFB19A94BFDCA7B55 /* Pods-nexus_shell.release.xcconfig */;
			buildSettings = {
				ASSETCATALOG_COMPILER_APPICON_NAME = AppIcon;
				ASSETCATALOG_COMPILER_GLOBAL_ACCENT_COLOR_NAME = AccentColor;
				CODE_SIGN_STYLE = Automatic;
				CURRENT_PROJECT_VERSION = 1;
				DEVELOPMENT_TEAM = 57NYYMFJB6;
				ENABLE_PREVIEWS = YES;
				GENERATE_INFOPLIST_FILE = YES;
				INFOPLIST_KEY_UIApplicationSceneManifest_Generation = YES;
				INFOPLIST_KEY_UIApplicationSupportsIndirectInputEvents = YES;
				INFOPLIST_KEY_UILaunchScreen_Generation = YES;
				INFOPLIST_KEY_UISupportedInterfaceOrientations_iPad = "UIInterfaceOrientationPortrait UIInterfaceOrientationPortraitUpsideDown UIInterfaceOrientationLandscapeLeft UIInterfaceOrientationLandscapeRight";
				INFOPLIST_KEY_UISupportedInterfaceOrientations_iPhone = "UIInterfaceOrientationPortrait UIInterfaceOrientationLandscapeLeft UIInterfaceOrientationLandscapeRight";
				LD_RUNPATH_SEARCH_PATHS = (
					"$(inherited)",
					"@executable_path/Frameworks",
				);
				MARKETING_VERSION = 1.0;
				PRODUCT_BUNDLE_IDENTIFIER = "com.iyang.nexus-shell";
				PRODUCT_NAME = "$(TARGET_NAME)";
				STRING_CATALOG_GENERATE_SYMBOLS = YES;
				SWIFT_APPROACHABLE_CONCURRENCY = YES;
				SWIFT_DEFAULT_ACTOR_ISOLATION = MainActor;
				SWIFT_EMIT_LOC_STRINGS = YES;
				SWIFT_UPCOMING_FEATURE_MEMBER_IMPORT_VISIBILITY = YES;
				SWIFT_VERSION = 5.0;
				TARGETED_DEVICE_FAMILY = "1,2";
			};
			name = Release;
		};
		AE65EC882F98713000D13575 /* Debug */ = {
			isa = XCBuildConfiguration;
			buildSettings = {
				BUNDLE_LOADER = "$(TEST_HOST)";
				CODE_SIGN_STYLE = Automatic;
				CURRENT_PROJECT_VERSION = 1;
				DEVELOPMENT_TEAM = 57NYYMFJB6;
				GENERATE_INFOPLIST_FILE = YES;
				IPHONEOS_DEPLOYMENT_TARGET = 26.4;
				MARKETING_VERSION = 1.0;
				PRODUCT_BUNDLE_IDENTIFIER = "com.iyang.nexus-shellTests";
				PRODUCT_NAME = "$(TARGET_NAME)";
				STRING_CATALOG_GENERATE_SYMBOLS = NO;
				SWIFT_APPROACHABLE_CONCURRENCY = YES;
				SWIFT_EMIT_LOC_STRINGS = NO;
				SWIFT_UPCOMING_FEATURE_MEMBER_IMPORT_VISIBILITY = YES;
				SWIFT_VERSION = 5.0;
				TARGETED_DEVICE_FAMILY = "1,2";
				TEST_HOST = "$(BUILT_PRODUCTS_DIR)/nexus_shell.app/$(BUNDLE_EXECUTABLE_FOLDER_PATH)/nexus_shell";
			};
			name = Debug;
		};
		AE65EC892F98713000D13575 /* Release */ = {
			isa = XCBuildConfiguration;
			buildSettings = {
				BUNDLE_LOADER = "$(TEST_HOST)";
				CODE_SIGN_STYLE = Automatic;
				CURRENT_PROJECT_VERSION = 1;
				DEVELOPMENT_TEAM = 57NYYMFJB6;
				GENERATE_INFOPLIST_FILE = YES;
				IPHONEOS_DEPLOYMENT_TARGET = 26.4;
				MARKETING_VERSION = 1.0;
				PRODUCT_BUNDLE_IDENTIFIER = "com.iyang.nexus-shellTests";
				PRODUCT_NAME = "$(TARGET_NAME)";
				STRING_CATALOG_GENERATE_SYMBOLS = NO;
				SWIFT_APPROACHABLE_CONCURRENCY = YES;
				SWIFT_EMIT_LOC_STRINGS = NO;
				SWIFT_UPCOMING_FEATURE_MEMBER_IMPORT_VISIBILITY = YES;
				SWIFT_VERSION = 5.0;
				TARGETED_DEVICE_FAMILY = "1,2";
				TEST_HOST = "$(BUILT_PRODUCTS_DIR)/nexus_shell.app/$(BUNDLE_EXECUTABLE_FOLDER_PATH)/nexus_shell";
			};
			name = Release;
		};
		AE65EC8B2F98713000D13575 /* Debug */ = {
			isa = XCBuildConfiguration;
			buildSettings = {
				CODE_SIGN_STYLE = Automatic;
				CURRENT_PROJECT_VERSION = 1;
				DEVELOPMENT_TEAM = 57NYYMFJB6;
				GENERATE_INFOPLIST_FILE = YES;
				MARKETING_VERSION = 1.0;
				PRODUCT_BUNDLE_IDENTIFIER = "com.iyang.nexus-shellUITests";
				PRODUCT_NAME = "$(TARGET_NAME)";
				STRING_CATALOG_GENERATE_SYMBOLS = NO;
				SWIFT_APPROACHABLE_CONCURRENCY = YES;
				SWIFT_EMIT_LOC_STRINGS = NO;
				SWIFT_UPCOMING_FEATURE_MEMBER_IMPORT_VISIBILITY = YES;
				SWIFT_VERSION = 5.0;
				TARGETED_DEVICE_FAMILY = "1,2";
				TEST_TARGET_NAME = nexus_shell;
			};
			name = Debug;
		};
		AE65EC8C2F98713000D13575 /* Release */ = {
			isa = XCBuildConfiguration;
			buildSettings = {
				CODE_SIGN_STYLE = Automatic;
				CURRENT_PROJECT_VERSION = 1;
				DEVELOPMENT_TEAM = 57NYYMFJB6;
				GENERATE_INFOPLIST_FILE = YES;
				MARKETING_VERSION = 1.0;
				PRODUCT_BUNDLE_IDENTIFIER = "com.iyang.nexus-shellUITests";
				PRODUCT_NAME = "$(TARGET_NAME)";
				STRING_CATALOG_GENERATE_SYMBOLS = NO;
				SWIFT_APPROACHABLE_CONCURRENCY = YES;
				SWIFT_EMIT_LOC_STRINGS = NO;
				SWIFT_UPCOMING_FEATURE_MEMBER_IMPORT_VISIBILITY = YES;
				SWIFT_VERSION = 5.0;
				TARGETED_DEVICE_FAMILY = "1,2";
				TEST_TARGET_NAME = nexus_shell;
			};
			name = Release;
		};
/* End XCBuildConfiguration section */

/* Begin XCConfigurationList section */
		AE65EC5E2F98712A00D13575 /* Build configuration list for PBXProject "nexus_shell" */ = {
			isa = XCConfigurationList;
			buildConfigurations = (
				AE65EC822F98713000D13575 /* Debug */,
				AE65EC832F98713000D13575 /* Release */,
			);
			defaultConfigurationIsVisible = 0;
			defaultConfigurationName = Release;
		};
		AE65EC842F98713000D13575 /* Build configuration list for PBXNativeTarget "nexus_shell" */ = {
			isa = XCConfigurationList;
			buildConfigurations = (
				AE65EC852F98713000D13575 /* Debug */,
				AE65EC862F98713000D13575 /* Release */,
			);
			defaultConfigurationIsVisible = 0;
			defaultConfigurationName = Release;
		};
		AE65EC872F98713000D13575 /* Build configuration list for PBXNativeTarget "nexus_shellTests" */ = {
			isa = XCConfigurationList;
			buildConfigurations = (
				AE65EC882F98713000D13575 /* Debug */,
				AE65EC892F98713000D13575 /* Release */,
			);
			defaultConfigurationIsVisible = 0;
			defaultConfigurationName = Release;
		};
		AE65EC8A2F98713000D13575 /* Build configuration list for PBXNativeTarget "nexus_shellUITests" */ = {
			isa = XCConfigurationList;
			buildConfigurations = (
				AE65EC8B2F98713000D13575 /* Debug */,
				AE65EC8C2F98713000D13575 /* Release */,
			);
			defaultConfigurationIsVisible = 0;
			defaultConfigurationName = Release;
		};
/* End XCConfigurationList section */
	};
	rootObject = AE65EC5B2F98712A00D13575 /* Project object */;
}
