// !$*UTF8*$!
{
	archiveVersion = 1;
	classes = {
	};
	objectVersion = 54;
	objects = {

/* Begin PBXBuildFile section */
		040370BB9175E698FED545C1 /* BiometricService.swift in Sources */ = {isa = PBXBuildFile; fileRef = C88A3565513161E905FB8228 /* BiometricService.swift */; };
		0A7ADB1CD20F8566AC92A83D /* CommandHistoryService.swift in Sources */ = {isa = PBXBuildFile; fileRef = 8170B22A008CA1FA208129F1 /* CommandHistoryService.swift */; };
		0BAC4FFA873666E8DDD8F65A /* NMSSH in Frameworks */ = {isa = PBXBuildFile; productRef = 8766A577433679077D6B5FC9 /* NMSSH */; };
		20D59D125C6E478ADAD132A9 /* ANSIParser.swift in Sources */ = {isa = PBXBuildFile; fileRef = 53659BAF42180CAD764F9FBD /* ANSIParser.swift */; };
		24BAA7D86012FFA6CEDA91C0 /* ServerListViewModel.swift in Sources */ = {isa = PBXBuildFile; fileRef = 10BD9DF326C63E2B98689078 /* ServerListViewModel.swift */; };
		271CB2DFDCCB5AACE4BD86B3 /* TerminalToolbar.swift in Sources */ = {isa = PBXBuildFile; fileRef = 35F2B18568E4226812CE780C /* TerminalToolbar.swift */; };
		36557C55593AF650EFEBCD7C /* SettingsView.swift in Sources */ = {isa = PBXBuildFile; fileRef = F76CA4FA5E5C33A3E9310F01 /* SettingsView.swift */; };
		4EDBD53D16EED3467AE63851 /* ServerEditViewModel.swift in Sources */ = {isa = PBXBuildFile; fileRef = 559BDB4F88D57414FE4EBD6F /* ServerEditViewModel.swift */; };
		59DC8F7DDEEBE7E8AF73433A /* ContentView.swift in Sources */ = {isa = PBXBuildFile; fileRef = D02AF2A4225653894E5461D5 /* ContentView.swift */; };
		59DCF89F5ED43BC460A163F5 /* SSHService.swift in Sources */ = {isa = PBXBuildFile; fileRef = FCFAF17743E97CEDA8B98797 /* SSHService.swift */; };
		5E838E9DC56727D3A2C3F1E7 /* SettingsViewModel.swift in Sources */ = {isa = PBXBuildFile; fileRef = ADE49C45DACE5E830D786291 /* SettingsViewModel.swift */; };
		5EEC22C397B2390ED02919ED /* ServerListView.swift in Sources */ = {isa = PBXBuildFile; fileRef = C658DE27CBBE0ADE45F5C1DB /* ServerListView.swift */; };
		5FDABEDB58930B97DD564C75 /* StatusBadge.swift in Sources */ = {isa = PBXBuildFile; fileRef = DF5F9B8A9961FBA6BC264A7E /* StatusBadge.swift */; };
		5FF64798F1272F68346564EB /* ServerGroup.swift in Sources */ = {isa = PBXBuildFile; fileRef = A5EEC1BC76981EBFCD9EF8F6 /* ServerGroup.swift */; };
		6157D09056EECD28926D0824 /* KeychainService.swift in Sources */ = {isa = PBXBuildFile; fileRef = 37759FA35EB46019D59FB369 /* KeychainService.swift */; };
		73A6549A5BF03B81398668C1 /* Extensions.swift in Sources */ = {isa = PBXBuildFile; fileRef = 7FBD4BEFD77F1EEB907F5723 /* Extensions.swift */; };
		76832ADADFB0408249FD7653 /* ServerEditView.swift in Sources */ = {isa = PBXBuildFile; fileRef = AFA07DCA6FC3A1B6D6090010 /* ServerEditView.swift */; };
		905890E2E642282178EF48E9 /* NexusShellApp.swift in Sources */ = {isa = PBXBuildFile; fileRef = 60BE672260524AAA6E5C7075 /* NexusShellApp.swift */; };
		966F964B6D1D4C57AC57A585 /* TerminalViewModel.swift in Sources */ = {isa = PBXBuildFile; fileRef = C646576F960ACE0292CB7CB1 /* TerminalViewModel.swift */; };
		9B9D88FF55C7FD62E4C65845 /* Server.swift in Sources */ = {isa = PBXBuildFile; fileRef = D3BD482D026C826B03E9E0A2 /* Server.swift */; };
		A997F4174DD816FEA585F38A /* CommandHistory.swift in Sources */ = {isa = PBXBuildFile; fileRef = EE90FEE0A81621EBDCF77C46 /* CommandHistory.swift */; };
		BADCE4BA8F140D13117F3D44 /* TerminalBuffer.swift in Sources */ = {isa = PBXBuildFile; fileRef = 4C413FC7E2F562BBD7930CDE /* TerminalBuffer.swift */; };
		C9963165F83211CA117C74A7 /* QuickCommand.swift in Sources */ = {isa = PBXBuildFile; fileRef = 41A492B9FECA7C8B0F7A5C37 /* QuickCommand.swift */; };
		F93C47AD7F949DDB647C58A6 /* TerminalView.swift in Sources */ = {isa = PBXBuildFile; fileRef = 49E6DD6166A5EE6C18209583 /* TerminalView.swift */; };
/* End PBXBuildFile section */

/* Begin PBXFileReference section */
		10BD9DF326C63E2B98689078 /* ServerListViewModel.swift */ = {isa = PBXFileReference; lastKnownFileType = sourcecode.swift; path = ServerListViewModel.swift; sourceTree = "<group>"; };
		26CEA5E3E4D2C14E46C30299 /* nexus_shell.app */ = {isa = PBXFileReference; includeInIndex = 0; lastKnownFileType = wrapper.application; path = nexus_shell.app; sourceTree = BUILT_PRODUCTS_DIR; };
		35F2B18568E4226812CE780C /* TerminalToolbar.swift */ = {isa = PBXFileReference; lastKnownFileType = sourcecode.swift; path = TerminalToolbar.swift; sourceTree = "<group>"; };
		37759FA35EB46019D59FB369 /* KeychainService.swift */ = {isa = PBXFileReference; lastKnownFileType = sourcecode.swift; path = KeychainService.swift; sourceTree = "<group>"; };
		3D067ED4A916BC4A23B0FA31 /* NMSSH */ = {isa = PBXFileReference; lastKnownFileType = folder; name = NMSSH; path = ../../../../../../tmp/NMSSH; sourceTree = SOURCE_ROOT; };
		41A492B9FECA7C8B0F7A5C37 /* QuickCommand.swift */ = {isa = PBXFileReference; lastKnownFileType = sourcecode.swift; path = QuickCommand.swift; sourceTree = "<group>"; };
		49E6DD6166A5EE6C18209583 /* TerminalView.swift */ = {isa = PBXFileReference; lastKnownFileType = sourcecode.swift; path = TerminalView.swift; sourceTree = "<group>"; };
		4C413FC7E2F562BBD7930CDE /* TerminalBuffer.swift */ = {isa = PBXFileReference; lastKnownFileType = sourcecode.swift; path = TerminalBuffer.swift; sourceTree = "<group>"; };
		53659BAF42180CAD764F9FBD /* ANSIParser.swift */ = {isa = PBXFileReference; lastKnownFileType = sourcecode.swift; path = ANSIParser.swift; sourceTree = "<group>"; };
		559BDB4F88D57414FE4EBD6F /* ServerEditViewModel.swift */ = {isa = PBXFileReference; lastKnownFileType = sourcecode.swift; path = ServerEditViewModel.swift; sourceTree = "<group>"; };
		60BE672260524AAA6E5C7075 /* NexusShellApp.swift */ = {isa = PBXFileReference; lastKnownFileType = sourcecode.swift; path = NexusShellApp.swift; sourceTree = "<group>"; };
		7FBD4BEFD77F1EEB907F5723 /* Extensions.swift */ = {isa = PBXFileReference; lastKnownFileType = sourcecode.swift; path = Extensions.swift; sourceTree = "<group>"; };
		8170B22A008CA1FA208129F1 /* CommandHistoryService.swift */ = {isa = PBXFileReference; lastKnownFileType = sourcecode.swift; path = CommandHistoryService.swift; sourceTree = "<group>"; };
		A5EEC1BC76981EBFCD9EF8F6 /* ServerGroup.swift */ = {isa = PBXFileReference; lastKnownFileType = sourcecode.swift; path = ServerGroup.swift; sourceTree = "<group>"; };
		ADE49C45DACE5E830D786291 /* SettingsViewModel.swift */ = {isa = PBXFileReference; lastKnownFileType = sourcecode.swift; path = SettingsViewModel.swift; sourceTree = "<group>"; };
		AFA07DCA6FC3A1B6D6090010 /* ServerEditView.swift */ = {isa = PBXFileReference; lastKnownFileType = sourcecode.swift; path = ServerEditView.swift; sourceTree = "<group>"; };
		C646576F960ACE0292CB7CB1 /* TerminalViewModel.swift */ = {isa = PBXFileReference; lastKnownFileType = sourcecode.swift; path = TerminalViewModel.swift; sourceTree = "<group>"; };
		C658DE27CBBE0ADE45F5C1DB /* ServerListView.swift */ = {isa = PBXFileReference; lastKnownFileType = sourcecode.swift; path = ServerListView.swift; sourceTree = "<group>"; };
		C88A3565513161E905FB8228 /* BiometricService.swift */ = {isa = PBXFileReference; lastKnownFileType = sourcecode.swift; path = BiometricService.swift; sourceTree = "<group>"; };
		D02AF2A4225653894E5461D5 /* ContentView.swift */ = {isa = PBXFileReference; lastKnownFileType = sourcecode.swift; path = ContentView.swift; sourceTree = "<group>"; };
		D3BD482D026C826B03E9E0A2 /* Server.swift */ = {isa = PBXFileReference; lastKnownFileType = sourcecode.swift; path = Server.swift; sourceTree = "<group>"; };
		DF5F9B8A9961FBA6BC264A7E /* StatusBadge.swift */ = {isa = PBXFileReference; lastKnownFileType = sourcecode.swift; path = StatusBadge.swift; sourceTree = "<group>"; };
		EE90FEE0A81621EBDCF77C46 /* CommandHistory.swift */ = {isa = PBXFileReference; lastKnownFileType = sourcecode.swift; path = CommandHistory.swift; sourceTree = "<group>"; };
		F76CA4FA5E5C33A3E9310F01 /* SettingsView.swift */ = {isa = PBXFileReference; lastKnownFileType = sourcecode.swift; path = SettingsView.swift; sourceTree = "<group>"; };
		FCFAF17743E97CEDA8B98797 /* SSHService.swift */ = {isa = PBXFileReference; lastKnownFileType = sourcecode.swift; path = SSHService.swift; sourceTree = "<group>"; };
/* End PBXFileReference section */

/* Begin PBXFrameworksBuildPhase section */
		E142D61470A9110DF644E3CD /* Frameworks */ = {
			isa = PBXFrameworksBuildPhase;
			buildActionMask = 2147483647;
			files = (
				0BAC4FFA873666E8DDD8F65A /* NMSSH in Frameworks */,
			);
			runOnlyForDeploymentPostprocessing = 0;
		};
/* End PBXFrameworksBuildPhase section */

/* Begin PBXGroup section */
		05A558EC1B256E8AD6C191D9 /* Servers */ = {
			isa = PBXGroup;
			children = (
				AFA07DCA6FC3A1B6D6090010 /* ServerEditView.swift */,
				C658DE27CBBE0ADE45F5C1DB /* ServerListView.swift */,
			);
			path = Servers;
			sourceTree = "<group>";
		};
		11A33FE6AAE2F054B57EA3D7 /* Models */ = {
			isa = PBXGroup;
			children = (
				EE90FEE0A81621EBDCF77C46 /* CommandHistory.swift */,
				41A492B9FECA7C8B0F7A5C37 /* QuickCommand.swift */,
				D3BD482D026C826B03E9E0A2 /* Server.swift */,
				A5EEC1BC76981EBFCD9EF8F6 /* ServerGroup.swift */,
				4C413FC7E2F562BBD7930CDE /* TerminalBuffer.swift */,
			);
			path = Models;
			sourceTree = "<group>";
		};
		3F0430A12C2315FD7E2F4AD9 /* Services */ = {
			isa = PBXGroup;
			children = (
				C88A3565513161E905FB8228 /* BiometricService.swift */,
				8170B22A008CA1FA208129F1 /* CommandHistoryService.swift */,
				37759FA35EB46019D59FB369 /* KeychainService.swift */,
				FCFAF17743E97CEDA8B98797 /* SSHService.swift */,
			);
			path = Services;
			sourceTree = "<group>";
		};
		459903FF1CCB4BA4A73FA455 /* Terminal */ = {
			isa = PBXGroup;
			children = (
				35F2B18568E4226812CE780C /* TerminalToolbar.swift */,
				49E6DD6166A5EE6C18209583 /* TerminalView.swift */,
			);
			path = Terminal;
			sourceTree = "<group>";
		};
		534F8D8F062660B0F3453E06 /* Packages */ = {
			isa = PBXGroup;
			children = (
				3D067ED4A916BC4A23B0FA31 /* NMSSH */,
			);
			name = Packages;
			sourceTree = "<group>";
		};
		551A8CD41C0516812D436B2F /* Products */ = {
			isa = PBXGroup;
			children = (
				26CEA5E3E4D2C14E46C30299 /* nexus_shell.app */,
			);
			name = Products;
			sourceTree = "<group>";
		};
		5F24D8E0EEA1FFCC3571F54A /* App */ = {
			isa = PBXGroup;
			children = (
				60BE672260524AAA6E5C7075 /* NexusShellApp.swift */,
			);
			path = App;
			sourceTree = "<group>";
		};
		6E9122393B76F781B57EFC5A = {
			isa = PBXGroup;
			children = (
				5F24D8E0EEA1FFCC3571F54A /* App */,
				11A33FE6AAE2F054B57EA3D7 /* Models */,
				534F8D8F062660B0F3453E06 /* Packages */,
				3F0430A12C2315FD7E2F4AD9 /* Services */,
				FBAE4AEBE7D7DC38711853D2 /* Utilities */,
				A999E32B12FAC2E23BFA27D2 /* ViewModels */,
				D126F10ADA6DEC9A33BABE62 /* Views */,
				551A8CD41C0516812D436B2F /* Products */,
			);
			sourceTree = "<group>";
		};
		A999E32B12FAC2E23BFA27D2 /* ViewModels */ = {
			isa = PBXGroup;
			children = (
				559BDB4F88D57414FE4EBD6F /* ServerEditViewModel.swift */,
				10BD9DF326C63E2B98689078 /* ServerListViewModel.swift */,
				ADE49C45DACE5E830D786291 /* SettingsViewModel.swift */,
				C646576F960ACE0292CB7CB1 /* TerminalViewModel.swift */,
			);
			path = ViewModels;
			sourceTree = "<group>";
		};
		CC3383BBC2B021F6DAA62050 /* Settings */ = {
			isa = PBXGroup;
			children = (
				F76CA4FA5E5C33A3E9310F01 /* SettingsView.swift */,
			);
			path = Settings;
			sourceTree = "<group>";
		};
		D126F10ADA6DEC9A33BABE62 /* Views */ = {
			isa = PBXGroup;
			children = (
				D02AF2A4225653894E5461D5 /* ContentView.swift */,
				D3F6D4BA67DF34B186583AA8 /* Components */,
				05A558EC1B256E8AD6C191D9 /* Servers */,
				CC3383BBC2B021F6DAA62050 /* Settings */,
				459903FF1CCB4BA4A73FA455 /* Terminal */,
			);
			path = Views;
			sourceTree = "<group>";
		};
		D3F6D4BA67DF34B186583AA8 /* Components */ = {
			isa = PBXGroup;
			children = (
				DF5F9B8A9961FBA6BC264A7E /* StatusBadge.swift */,
			);
			path = Components;
			sourceTree = "<group>";
		};
		FBAE4AEBE7D7DC38711853D2 /* Utilities */ = {
			isa = PBXGroup;
			children = (
				53659BAF42180CAD764F9FBD /* ANSIParser.swift */,
				7FBD4BEFD77F1EEB907F5723 /* Extensions.swift */,
			);
			path = Utilities;
			sourceTree = "<group>";
		};
/* End PBXGroup section */

/* Begin PBXNativeTarget section */
		06A50859B2AF27EBA11EECD0 /* nexus_shell */ = {
			isa = PBXNativeTarget;
			buildConfigurationList = 64B3BA8C800F0266FDDA2269 /* Build configuration list for PBXNativeTarget "nexus_shell" */;
			buildPhases = (
				14E69D5EB8244CC6E7867153 /* Sources */,
				E142D61470A9110DF644E3CD /* Frameworks */,
			);
			buildRules = (
			);
			dependencies = (
			);
			name = nexus_shell;
			packageProductDependencies = (
				8766A577433679077D6B5FC9 /* NMSSH */,
			);
			productName = nexus_shell;
			productReference = 26CEA5E3E4D2C14E46C30299 /* nexus_shell.app */;
			productType = "com.apple.product-type.application";
		};
/* End PBXNativeTarget section */

/* Begin PBXProject section */
		8539970446E54F5BEE47B9E8 /* Project object */ = {
			isa = PBXProject;
			attributes = {
				BuildIndependentTargetsInParallel = YES;
				LastUpgradeCheck = 1500;
				TargetAttributes = {
				};
			};
			buildConfigurationList = B2F376DF5D7CB9872A8CF770 /* Build configuration list for PBXProject "nexus_shell" */;
			compatibilityVersion = "Xcode 14.0";
			developmentRegion = en;
			hasScannedForEncodings = 0;
			knownRegions = (
				Base,
				en,
			);
			mainGroup = 6E9122393B76F781B57EFC5A;
			minimizedProjectReferenceProxies = 1;
			packageReferences = (
				F4D7C9AEA37B54C67B06A3B7 /* XCLocalSwiftPackageReference "/tmp/NMSSH" */,
			);
			preferredProjectObjectVersion = 54;
			projectDirPath = "";
			projectRoot = "";
			targets = (
				06A50859B2AF27EBA11EECD0 /* nexus_shell */,
			);
		};
/* End PBXProject section */

/* Begin PBXSourcesBuildPhase section */
		14E69D5EB8244CC6E7867153 /* Sources */ = {
			isa = PBXSourcesBuildPhase;
			buildActionMask = 2147483647;
			files = (
				20D59D125C6E478ADAD132A9 /* ANSIParser.swift in Sources */,
				040370BB9175E698FED545C1 /* BiometricService.swift in Sources */,
				A997F4174DD816FEA585F38A /* CommandHistory.swift in Sources */,
				0A7ADB1CD20F8566AC92A83D /* CommandHistoryService.swift in Sources */,
				59DC8F7DDEEBE7E8AF73433A /* ContentView.swift in Sources */,
				73A6549A5BF03B81398668C1 /* Extensions.swift in Sources */,
				6157D09056EECD28926D0824 /* KeychainService.swift in Sources */,
				905890E2E642282178EF48E9 /* NexusShellApp.swift in Sources */,
				C9963165F83211CA117C74A7 /* QuickCommand.swift in Sources */,
				59DCF89F5ED43BC460A163F5 /* SSHService.swift in Sources */,
				9B9D88FF55C7FD62E4C65845 /* Server.swift in Sources */,
				76832ADADFB0408249FD7653 /* ServerEditView.swift in Sources */,
				4EDBD53D16EED3467AE63851 /* ServerEditViewModel.swift in Sources */,
				5FF64798F1272F68346564EB /* ServerGroup.swift in Sources */,
				5EEC22C397B2390ED02919ED /* ServerListView.swift in Sources */,
				24BAA7D86012FFA6CEDA91C0 /* ServerListViewModel.swift in Sources */,
				36557C55593AF650EFEBCD7C /* SettingsView.swift in Sources */,
				5E838E9DC56727D3A2C3F1E7 /* SettingsViewModel.swift in Sources */,
				5FDABEDB58930B97DD564C75 /* StatusBadge.swift in Sources */,
				BADCE4BA8F140D13117F3D44 /* TerminalBuffer.swift in Sources */,
				271CB2DFDCCB5AACE4BD86B3 /* TerminalToolbar.swift in Sources */,
				F93C47AD7F949DDB647C58A6 /* TerminalView.swift in Sources */,
				966F964B6D1D4C57AC57A585 /* TerminalViewModel.swift in Sources */,
			);
			runOnlyForDeploymentPostprocessing = 0;
		};
/* End PBXSourcesBuildPhase section */

/* Begin XCBuildConfiguration section */
		4D92CB14CC34D3BBE04F3CBE /* Debug */ = {
			isa = XCBuildConfiguration;
			buildSettings = {
				ALWAYS_SEARCH_USER_PATHS = NO;
				CLANG_ANALYZER_NONNULL = YES;
				CLANG_ANALYZER_NUMBER_OBJECT_CONVERSION = YES_AGGRESSIVE;
				CLANG_CXX_LANGUAGE_STANDARD = "gnu++14";
				CLANG_CXX_LIBRARY = "libc++";
				CLANG_ENABLE_MODULES = YES;
				CLANG_ENABLE_OBJC_ARC = YES;
				CLANG_ENABLE_OBJC_WEAK = YES;
				CLANG_WARN_BLOCK_CAPTURE_AUTORELEASING = YES;
				CLANG_WARN_BOOL_CONVERSION = YES;
				CLANG_WARN_COMMA = YES;
				CLANG_WARN_CONSTANT_CONVERSION = YES;
				CLANG_WARN_DEPRECATED_OBJC_IMPLEMENTATIONS = YES;
				CLANG_WARN_DIRECT_OBJC_ISA_USAGE = YES_ERROR;
				CLANG_WARN_DOCUMENTATION_COMMENTS = YES;
				CLANG_WARN_EMPTY_BODY = YES;
				CLANG_WARN_ENUM_CONVERSION = YES;
				CLANG_WARN_INFINITE_RECURSION = YES;
				CLANG_WARN_INT_CONVERSION = YES;
				CLANG_WARN_NON_LITERAL_NULL_CONVERSION = YES;
				CLANG_WARN_OBJC_IMPLICIT_RETAIN_SELF = YES;
				CLANG_WARN_OBJC_LITERAL_CONVERSION = YES;
				CLANG_WARN_OBJC_ROOT_CLASS = YES_ERROR;
				CLANG_WARN_QUOTED_INCLUDE_IN_FRAMEWORK_HEADER = YES;
				CLANG_WARN_RANGE_LOOP_ANALYSIS = YES;
				CLANG_WARN_STRICT_PROTOTYPES = YES;
				CLANG_WARN_SUSPICIOUS_MOVE = YES;
				CLANG_WARN_UNGUARDED_AVAILABILITY = YES_AGGRESSIVE;
				CLANG_WARN_UNREACHABLE_CODE = YES;
				CLANG_WARN__DUPLICATE_METHOD_MATCH = YES;
				COPY_PHASE_STRIP = NO;
				CURRENT_PROJECT_VERSION = 1;
				DEBUG_INFORMATION_FORMAT = dwarf;
				ENABLE_STRICT_OBJC_MSGSEND = YES;
				ENABLE_TESTABILITY = YES;
				GCC_C_LANGUAGE_STANDARD = gnu11;
				GCC_DYNAMIC_NO_PIC = NO;
				GCC_NO_COMMON_BLOCKS = YES;
				GCC_OPTIMIZATION_LEVEL = 0;
				GCC_PREPROCESSOR_DEFINITIONS = (
					"$(inherited)",
					"DEBUG=1",
				);
				GCC_WARN_64_TO_32_BIT_CONVERSION = YES;
				GCC_WARN_ABOUT_RETURN_TYPE = YES_ERROR;
				GCC_WARN_UNDECLARED_SELECTOR = YES;
				GCC_WARN_UNINITIALIZED_AUTOS = YES_AGGRESSIVE;
				GCC_WARN_UNUSED_FUNCTION = YES;
				GCC_WARN_UNUSED_VARIABLE = YES;
				INFOPLIST_FILE = Resources/Info.plist;
				IPHONEOS_DEPLOYMENT_TARGET = 17.0;
				MARKETING_VERSION = 1.0.0;
				MTL_ENABLE_DEBUG_INFO = INCLUDE_SOURCE;
				MTL_FAST_MATH = YES;
				ONLY_ACTIVE_ARCH = YES;
				PRODUCT_BUNDLE_IDENTIFIER = com.nexusshell.app;
				PRODUCT_NAME = "$(TARGET_NAME)";
				SDKROOT = iphoneos;
				SWIFT_ACTIVE_COMPILATION_CONDITIONS = DEBUG;
				SWIFT_OPTIMIZATION_LEVEL = "-Onone";
				SWIFT_VERSION = 5.9;
				TARGETED_DEVICE_FAMILY = "1,2";
			};
			name = Debug;
		};
		535FE26B727712141E29C10B /* Release */ = {
			isa = XCBuildConfiguration;
			buildSettings = {
				ALWAYS_SEARCH_USER_PATHS = NO;
				CLANG_ANALYZER_NONNULL = YES;
				CLANG_ANALYZER_NUMBER_OBJECT_CONVERSION = YES_AGGRESSIVE;
				CLANG_CXX_LANGUAGE_STANDARD = "gnu++14";
				CLANG_CXX_LIBRARY = "libc++";
				CLANG_ENABLE_MODULES = YES;
				CLANG_ENABLE_OBJC_ARC = YES;
				CLANG_ENABLE_OBJC_WEAK = YES;
				CLANG_WARN_BLOCK_CAPTURE_AUTORELEASING = YES;
				CLANG_WARN_BOOL_CONVERSION = YES;
				CLANG_WARN_COMMA = YES;
				CLANG_WARN_CONSTANT_CONVERSION = YES;
				CLANG_WARN_DEPRECATED_OBJC_IMPLEMENTATIONS = YES;
				CLANG_WARN_DIRECT_OBJC_ISA_USAGE = YES_ERROR;
				CLANG_WARN_DOCUMENTATION_COMMENTS = YES;
				CLANG_WARN_EMPTY_BODY = YES;
				CLANG_WARN_ENUM_CONVERSION = YES;
				CLANG_WARN_INFINITE_RECURSION = YES;
				CLANG_WARN_INT_CONVERSION = YES;
				CLANG_WARN_NON_LITERAL_NULL_CONVERSION = YES;
				CLANG_WARN_OBJC_IMPLICIT_RETAIN_SELF = YES;
				CLANG_WARN_OBJC_LITERAL_CONVERSION = YES;
				CLANG_WARN_OBJC_ROOT_CLASS = YES_ERROR;
				CLANG_WARN_QUOTED_INCLUDE_IN_FRAMEWORK_HEADER = YES;
				CLANG_WARN_RANGE_LOOP_ANALYSIS = YES;
				CLANG_WARN_STRICT_PROTOTYPES = YES;
				CLANG_WARN_SUSPICIOUS_MOVE = YES;
				CLANG_WARN_UNGUARDED_AVAILABILITY = YES_AGGRESSIVE;
				CLANG_WARN_UNREACHABLE_CODE = YES;
				CLANG_WARN__DUPLICATE_METHOD_MATCH = YES;
				COPY_PHASE_STRIP = NO;
				CURRENT_PROJECT_VERSION = 1;
				DEBUG_INFORMATION_FORMAT = "dwarf-with-dsym";
				ENABLE_NS_ASSERTIONS = NO;
				ENABLE_STRICT_OBJC_MSGSEND = YES;
				GCC_C_LANGUAGE_STANDARD = gnu11;
				GCC_NO_COMMON_BLOCKS = YES;
				GCC_WARN_64_TO_32_BIT_CONVERSION = YES;
				GCC_WARN_ABOUT_RETURN_TYPE = YES_ERROR;
				GCC_WARN_UNDECLARED_SELECTOR = YES;
				GCC_WARN_UNINITIALIZED_AUTOS = YES_AGGRESSIVE;
				GCC_WARN_UNUSED_FUNCTION = YES;
				GCC_WARN_UNUSED_VARIABLE = YES;
				INFOPLIST_FILE = Resources/Info.plist;
				IPHONEOS_DEPLOYMENT_TARGET = 17.0;
				MARKETING_VERSION = 1.0.0;
				MTL_ENABLE_DEBUG_INFO = NO;
				MTL_FAST_MATH = YES;
				PRODUCT_BUNDLE_IDENTIFIER = com.nexusshell.app;
				PRODUCT_NAME = "$(TARGET_NAME)";
				SDKROOT = iphoneos;
				SWIFT_COMPILATION_MODE = wholemodule;
				SWIFT_OPTIMIZATION_LEVEL = "-O";
				SWIFT_VERSION = 5.9;
				TARGETED_DEVICE_FAMILY = "1,2";
			};
			name = Release;
		};
		EBD8A0833D6FF6674FCEA936 /* Debug */ = {
			isa = XCBuildConfiguration;
			buildSettings = {
				ASSETCATALOG_COMPILER_APPICON_NAME = AppIcon;
				CODE_SIGN_IDENTITY = "iPhone Developer";
				INFOPLIST_FILE = Resources/Info.plist;
				LD_RUNPATH_SEARCH_PATHS = (
					"$(inherited)",
					"@executable_path/Frameworks",
				);
				PRODUCT_BUNDLE_IDENTIFIER = com.nexusshell.app;
				SDKROOT = iphoneos;
				TARGETED_DEVICE_FAMILY = "1,2";
			};
			name = Debug;
		};
		F05007F0BBA1655E26D92E9F /* Release */ = {
			isa = XCBuildConfiguration;
			buildSettings = {
				ASSETCATALOG_COMPILER_APPICON_NAME = AppIcon;
				CODE_SIGN_IDENTITY = "iPhone Developer";
				INFOPLIST_FILE = Resources/Info.plist;
				LD_RUNPATH_SEARCH_PATHS = (
					"$(inherited)",
					"@executable_path/Frameworks",
				);
				PRODUCT_BUNDLE_IDENTIFIER = com.nexusshell.app;
				SDKROOT = iphoneos;
				TARGETED_DEVICE_FAMILY = "1,2";
			};
			name = Release;
		};
/* End XCBuildConfiguration section */

/* Begin XCConfigurationList section */
		64B3BA8C800F0266FDDA2269 /* Build configuration list for PBXNativeTarget "nexus_shell" */ = {
			isa = XCConfigurationList;
			buildConfigurations = (
				EBD8A0833D6FF6674FCEA936 /* Debug */,
				F05007F0BBA1655E26D92E9F /* Release */,
			);
			defaultConfigurationIsVisible = 0;
			defaultConfigurationName = Debug;
		};
		B2F376DF5D7CB9872A8CF770 /* Build configuration list for PBXProject "nexus_shell" */ = {
			isa = XCConfigurationList;
			buildConfigurations = (
				4D92CB14CC34D3BBE04F3CBE /* Debug */,
				535FE26B727712141E29C10B /* Release */,
			);
			defaultConfigurationIsVisible = 0;
			defaultConfigurationName = Debug;
		};
/* End XCConfigurationList section */

/* Begin XCLocalSwiftPackageReference section */
		F4D7C9AEA37B54C67B06A3B7 /* XCLocalSwiftPackageReference "/tmp/NMSSH" */ = {
			isa = XCLocalSwiftPackageReference;
			relativePath = /tmp/NMSSH;
		};
/* End XCLocalSwiftPackageReference section */

/* Begin XCSwiftPackageProductDependency section */
		8766A577433679077D6B5FC9 /* NMSSH */ = {
			isa = XCSwiftPackageProductDependency;
			productName = NMSSH;
		};
/* End XCSwiftPackageProductDependency section */
	};
	rootObject = 8539970446E54F5BEE47B9E8 /* Project object */;
}
